
Microsoft Visual Studio Solution File, Format Version 12.00
# Visual Studio Version 16
VisualStudioVersion = 16.0.31025.194
MinimumVisualStudioVersion = 10.0.40219.1
Project("{FAE04EC0-301F-11D3-BF4B-00C04F79EFBC}") = "SSRSREPORTS", "SSRSREPORTS\SSRSREPORTS.csproj", "{AFC4F995-E437-4DDF-A4C5-36C9AB1D2BE9}"
EndProject
Global
	GlobalSection(SolutionConfigurationPlatforms) = preSolution
		Debug|Any CPU = Debug|Any CPU
		Release|Any CPU = Release|Any CPU
	EndGlobalSection
	GlobalSection(ProjectConfigurationPlatforms) = postSolution
		{AFC4F995-E437-4DDF-A4C5-36C9AB1D2BE9}.Debug|Any CPU.ActiveCfg = Debug|Any CPU
		{AFC4F995-E437-4DDF-A4C5-36C9AB1D2BE9}.Debug|Any CPU.Build.0 = Debug|Any CPU
		{AFC4F995-E437-4DDF-A4C5-36C9AB1D2BE9}.Release|Any CPU.ActiveCfg = Release|Any CPU
		{AFC4F995-E437-4DDF-A4C5-36C9AB1D2BE9}.Release|Any CPU.Build.0 = Release|Any CPU
	EndGlobalSection
	GlobalSection(SolutionProperties) = preSolution
		HideSolutionNode = FALSE
	EndGlobalSection
	GlobalSection(ExtensibilityGlobals) = postSolution
		SolutionGuid = {BA0CD8E5-3B0E-4253-9628-0B7207F6FD70}
	EndGlobalSection
EndGlobal
